
Microsoft Visual Studio Solution File, Format Version 12.00
# Visual Studio Version 16
VisualStudioVersion = 16.0.29613.14
MinimumVisualStudioVersion = 10.0.40219.1
Project("{FAE04EC0-301F-11D3-BF4B-00C04F79EFBC}") = "ex002", "ex002\ex002.csproj", "{56BA86A3-1DB4-4E02-8804-F71DBC52DFA5}"
EndProject
Global
	GlobalSection(SolutionConfigurationPlatforms) = preSolution
		Debug|Any CPU = Debug|Any CPU
		Release|Any CPU = Release|Any CPU
	EndGlobalSection
	GlobalSection(ProjectConfigurationPlatforms) = postSolution
		{56BA86A3-1DB4-4E02-8804-F71DBC52DFA5}.Debug|Any CPU.ActiveCfg = Debug|Any CPU
		{56BA86A3-1DB4-4E02-8804-F71DBC52DFA5}.Debug|Any CPU.Build.0 = Debug|Any CPU
		{56BA86A3-1DB4-4E02-8804-F71DBC52DFA5}.Release|Any CPU.ActiveCfg = Release|Any CPU
		{56BA86A3-1DB4-4E02-8804-F71DBC52DFA5}.Release|Any CPU.Build.0 = Release|Any CPU
	EndGlobalSection
	GlobalSection(SolutionProperties) = preSolution
		HideSolutionNode = FALSE
	EndGlobalSection
	GlobalSection(ExtensibilityGlobals) = postSolution
		SolutionGuid = {E64F80A4-FAC8-4250-95EF-3EEFAAF4E1F5}
	EndGlobalSection
EndGlobal
