
Microsoft Visual Studio Solution File, Format Version 12.00
# Visual Studio Version 16
VisualStudioVersion = 16.0.29613.14
MinimumVisualStudioVersion = 10.0.40219.1
Project("{FAE04EC0-301F-11D3-BF4B-00C04F79EFBC}") = "ex004", "ex004\ex004.csproj", "{D937677E-C2AD-464C-95BF-8A4C3F5E49B9}"
EndProject
Global
	GlobalSection(SolutionConfigurationPlatforms) = preSolution
		Debug|Any CPU = Debug|Any CPU
		Release|Any CPU = Release|Any CPU
	EndGlobalSection
	GlobalSection(ProjectConfigurationPlatforms) = postSolution
		{D937677E-C2AD-464C-95BF-8A4C3F5E49B9}.Debug|Any CPU.ActiveCfg = Debug|Any CPU
		{D937677E-C2AD-464C-95BF-8A4C3F5E49B9}.Debug|Any CPU.Build.0 = Debug|Any CPU
		{D937677E-C2AD-464C-95BF-8A4C3F5E49B9}.Release|Any CPU.ActiveCfg = Release|Any CPU
		{D937677E-C2AD-464C-95BF-8A4C3F5E49B9}.Release|Any CPU.Build.0 = Release|Any CPU
	EndGlobalSection
	GlobalSection(SolutionProperties) = preSolution
		HideSolutionNode = FALSE
	EndGlobalSection
	GlobalSection(ExtensibilityGlobals) = postSolution
		SolutionGuid = {A15F995D-AD5B-4DC8-ADC4-22735D1A28E2}
	EndGlobalSection
EndGlobal
