
Microsoft Visual Studio Solution File, Format Version 12.00
# Visual Studio Version 16
VisualStudioVersion = 16.0.29613.14
MinimumVisualStudioVersion = 10.0.40219.1
Project("{FAE04EC0-301F-11D3-BF4B-00C04F79EFBC}") = "ex013", "ex013\ex013.csproj", "{39557BD3-CEE9-493E-A608-89B185F41413}"
EndProject
Global
	GlobalSection(SolutionConfigurationPlatforms) = preSolution
		Debug|Any CPU = Debug|Any CPU
		Release|Any CPU = Release|Any CPU
	EndGlobalSection
	GlobalSection(ProjectConfigurationPlatforms) = postSolution
		{39557BD3-CEE9-493E-A608-89B185F41413}.Debug|Any CPU.ActiveCfg = Debug|Any CPU
		{39557BD3-CEE9-493E-A608-89B185F41413}.Debug|Any CPU.Build.0 = Debug|Any CPU
		{39557BD3-CEE9-493E-A608-89B185F41413}.Release|Any CPU.ActiveCfg = Release|Any CPU
		{39557BD3-CEE9-493E-A608-89B185F41413}.Release|Any CPU.Build.0 = Release|Any CPU
	EndGlobalSection
	GlobalSection(SolutionProperties) = preSolution
		HideSolutionNode = FALSE
	EndGlobalSection
	GlobalSection(ExtensibilityGlobals) = postSolution
		SolutionGuid = {3CAD9486-020C-4014-89C0-3053BDD2A17E}
	EndGlobalSection
EndGlobal
